
Microsoft Visual Studio Solution File, Format Version 12.00
# Visual Studio Version 16
VisualStudioVersion = 16.0.810.11
MinimumVisualStudioVersion = 10.0.40219.1
Project("{FAE04EC0-301F-11D3-BF4B-00C04F79EFBC}") = "read-file", "read-file.csproj", "{02F42035-707E-4021-9C22-ACC320A3266C}"
EndProject
Global
	GlobalSection(SolutionConfigurationPlatforms) = preSolution
		Debug|anycpu = Debug|anycpu
		Release|anycpu = Release|anycpu
	EndGlobalSection
	GlobalSection(ProjectConfigurationPlatforms) = postSolution
		{02F42035-707E-4021-9C22-ACC320A3266C}.Debug|anycpu.ActiveCfg = Debug|anycpu
		{02F42035-707E-4021-9C22-ACC320A3266C}.Debug|anycpu.Build.0 = Debug|anycpu
		{02F42035-707E-4021-9C22-ACC320A3266C}.Release|anycpu.ActiveCfg = Release|anycpu
		{02F42035-707E-4021-9C22-ACC320A3266C}.Release|anycpu.Build.0 = Release|anycpu
	EndGlobalSection
	GlobalSection(SolutionProperties) = preSolution
		HideSolutionNode = FALSE
	EndGlobalSection
	GlobalSection(ExtensibilityGlobals) = postSolution
		SolutionGuid = {1FCA9094-116A-4AC8-B6E7-4B937F6521DD}
	EndGlobalSection
EndGlobal
